
Microsoft Visual Studio Solution File, Format Version 12.00
# Visual Studio Version 16
VisualStudioVersion = 16.0.29324.140
MinimumVisualStudioVersion = 10.0.40219.1
Project("{FAE04EC0-301F-11D3-BF4B-00C04F79EFBC}") = "Csharp_Practical", "Csharp_Practical\Csharp_Practical.csproj", "{FEA9B1ED-394E-4D7C-A7B8-B32BDD0A3CD6}"
EndProject
Global
	GlobalSection(SolutionConfigurationPlatforms) = preSolution
		Debug|Any CPU = Debug|Any CPU
		Release|Any CPU = Release|Any CPU
	EndGlobalSection
	GlobalSection(ProjectConfigurationPlatforms) = postSolution
		{FEA9B1ED-394E-4D7C-A7B8-B32BDD0A3CD6}.Debug|Any CPU.ActiveCfg = Debug|Any CPU
		{FEA9B1ED-394E-4D7C-A7B8-B32BDD0A3CD6}.Debug|Any CPU.Build.0 = Debug|Any CPU
		{FEA9B1ED-394E-4D7C-A7B8-B32BDD0A3CD6}.Release|Any CPU.ActiveCfg = Release|Any CPU
		{FEA9B1ED-394E-4D7C-A7B8-B32BDD0A3CD6}.Release|Any CPU.Build.0 = Release|Any CPU
	EndGlobalSection
	GlobalSection(SolutionProperties) = preSolution
		HideSolutionNode = FALSE
	EndGlobalSection
	GlobalSection(ExtensibilityGlobals) = postSolution
		SolutionGuid = {EEEC879A-3E6C-4C43-8996-BC6BF549CE95}
	EndGlobalSection
EndGlobal
